
Microsoft Visual Studio Solution File, Format Version 12.00
# Visual Studio 15
VisualStudioVersion = 15.0.27130.2010
MinimumVisualStudioVersion = 10.0.40219.1
Project("{FAE04EC0-301F-11D3-BF4B-00C04F79EFBC}") = "Tetris_Preempt", "Tetris_Preempt\Tetris_Preempt.csproj", "{05B77A5B-F913-4C2E-93C6-987272ECADC6}"
EndProject
Global
	GlobalSection(SolutionConfigurationPlatforms) = preSolution
		Debug|x86 = Debug|x86
		Release|x86 = Release|x86
	EndGlobalSection
	GlobalSection(ProjectConfigurationPlatforms) = postSolution
		{05B77A5B-F913-4C2E-93C6-987272ECADC6}.Debug|x86.ActiveCfg = Debug|x86
		{05B77A5B-F913-4C2E-93C6-987272ECADC6}.Debug|x86.Build.0 = Debug|x86
		{05B77A5B-F913-4C2E-93C6-987272ECADC6}.Release|x86.ActiveCfg = Release|x86
		{05B77A5B-F913-4C2E-93C6-987272ECADC6}.Release|x86.Build.0 = Release|x86
	EndGlobalSection
	GlobalSection(SolutionProperties) = preSolution
		HideSolutionNode = FALSE
	EndGlobalSection
	GlobalSection(ExtensibilityGlobals) = postSolution
		SolutionGuid = {58068CE7-9595-48DD-9157-BCAC75ACEF12}
	EndGlobalSection
EndGlobal
